PODS:
  - AFDateHelper (4.3.0)
  - NetAnalyser (0.0.1):
    - AFDateHelper (~> 4.3.0)
    - SnapKit (~> 5.0.1)
  - Nimble (8.1.1)
  - Quick (3.0.0)
  - SnapKit (5.0.1)

DEPENDENCIES:
  - NetAnalyser (from `../`)
  - Nimble (~> 8.1)
  - Quick (~> 3.0)

SPEC REPOS:
  trunk:
    - AFDateHelper
    - Nimble
    - Quick
    - SnapKit

EXTERNAL SOURCES:
  NetAnalyser:
    :path: "../"

SPEC CHECKSUMS:
  AFDateHelper: b769c07d3d4784ee9a74633285304261bb27dc52
  NetAnalyser: fcdd45fbba775076dbd6ae51bb0a80201a3fab10
  Nimble: 5f8a2fb6fa343a7242dfdd9d42f7267419d464b2
  Quick: 6d9559f40647bc4d510103842ef2fdd882d753e2
  SnapKit: 97b92857e3df3a0c71833cce143274bf6ef8e5eb

PODFILE CHECKSUM: 2b5220cf2d5cd1bad3b7d3dbc1b7e540d878fdc4

COCOAPODS: 1.9.1
